{
  "version": 1,
  "dependencies": {
    ".NETStandard,Version=v2.0": {
      "Fable.Browser.Dom": {
        "type": "Direct",
        "requested": "[2.14.0, )",
        "resolved": "2.14.0",
        "contentHash": "R85V6jNb/xTwe47hHLYevsu4l8ZZrU4Nfg9CxD4vj33eXqwZa6W0l0MsyKh3+8cPV7yiZgegrRWVfr7axY0rzA==",
        "dependencies": {
          "FSharp.Core": "4.7.2",
          "Fable.Browser.Blob": "1.3.0",
          "Fable.Browser.Event": "1.5.0",
          "Fable.Browser.WebStorage": "1.2.0",
          "Fable.Core": "3.2.8"
        }
      },
      "Fable.Browser.XMLHttpRequest": {
        "type": "Direct",
        "requested": "[1.3.0, )",
        "resolved": "1.3.0",
        "contentHash": "SMy74aJa9rhtlLCFiTemHqY/udpgPkaf47rh9xgbMHP7RqWHysQYiurBc3sDUd/hy53efaD5aHARBFgtnEw8LA==",
        "dependencies": {
          "FSharp.Core": "4.7.2",
          "Fable.Browser.Blob": "1.3.0",
          "Fable.Browser.Event": "1.5.0",
          "Fable.Core": "3.0.0"
        }
      },
      "Fable.Core": {
        "type": "Direct",
        "requested": "[4.3.0, )",
        "resolved": "4.3.0",
        "contentHash": "sbK+hYs7H7I3b3sbgttI4GlvQfNPcIqSz1qPSagF3QbVA46KJ/pWSXC/Dwv0s9M6AeRGmoqcIeD7GUaLn41zkA=="
      },
      "Fable.Fetch": {
        "type": "Direct",
        "requested": "[2.6.0, )",
        "resolved": "2.6.0",
        "contentHash": "zhCl95EYeuKcc7bk2jGHLSuLhkPqvRcrlwC91GqgX51BlQ7WJF2IQ7mUxW2n1mg74M1D2VOwEKqQpTAZDCVa8Q==",
        "dependencies": {
          "FSharp.Core": "4.7.2",
          "Fable.Browser.Blob": "1.2.0",
          "Fable.Browser.Event": "1.5.0",
          "Fable.Core": "3.7.1",
          "Fable.Promise": "2.2.2"
        }
      },
      "FSharp.Core": {
        "type": "Direct",
        "requested": "[8.0.301, )",
        "resolved": "8.0.301",
        "contentHash": "I94+2zfAhWMJwPzVDFSlsutZvjPkaRvLVipf8b2O4AyzxKUBmevDkUBzcJBqSQNB1Ikig8xdphswoeKrObqx7Q=="
      },
      "NETStandard.Library": {
        "type": "Direct",
        "requested": "[2.0.3, )",
        "resolved": "2.0.3",
        "contentHash": "st47PosZSHrjECdjeIzZQbzivYBJFv6P2nv4cj2ypdI204DO+vZ7l5raGMiX4eXMJ53RfOIg+/s4DHVZ54Nu2A==",
        "dependencies": {
          "Microsoft.NETCore.Platforms": "1.1.0"
        }
      },
      "Sutil": {
        "type": "Direct",
        "requested": "[2.*, )",
        "resolved": "2.0.16",
        "contentHash": "ST4ODOcPrpkrXVEan7qeIlJVMAKlYAylMTm6J//RmWCw9jd86qvSEKCjf+CxW1x+mU538SjT7xIaWJWdxNs+Fw==",
        "dependencies": {
          "FSharp.Core": "5.0.2",
          "Fable.Browser.Css": "2.5.0",
          "Fable.Browser.Dom": "2.17.0",
          "Fable.Browser.Event": "1.6.0",
          "Fable.Browser.MediaQueryList": "1.5.0",
          "Fable.Core": "3.7.1",
          "Fable.Promise": "3.2.0",
          "Feliz.Engine": "1.0.0-beta-004",
          "Feliz.Engine.Bulma": "1.0.1",
          "Feliz.Engine.Event": "1.0.0-beta-004"
        }
      },
      "Fable.Browser.Blob": {
        "type": "Transitive",
        "resolved": "1.3.0",
        "contentHash": "UDVl31aW99qa2NygpxlBRQ7KWUWhF6MuWTZIRB96sSZZxrs46lKYGuL+V8QMd4mKjgeU+02GgUH0tN84NeBATg==",
        "dependencies": {
          "FSharp.Core": "4.7.2",
          "Fable.Core": "3.0.0"
        }
      },
      "Fable.Browser.Css": {
        "type": "Transitive",
        "resolved": "2.5.0",
        "contentHash": "tCpPSotI9yyMOaTTJbAVZ6THWGE+Kw2YUdLWqrHnstV/Q33NRL20FHSQoSLt8S91i/AirrwPOTsDJvnIb/0qsg==",
        "dependencies": {
          "FSharp.Core": "4.7.2",
          "Fable.Browser.Dom": "2.16.0",
          "Fable.Browser.Svg": "2.4.0",
          "Fable.Core": "3.2.8"
        }
      },
      "Fable.Browser.Event": {
        "type": "Transitive",
        "resolved": "1.6.0",
        "contentHash": "0oog9V+AT4LRmfgFHRljTiBL+kT0HHbATxFMd6kUDDIXYwZmT4EU/ykbeAMmHtpLEwUnt3u6OpxlxZ1WiRnkIw==",
        "dependencies": {
          "FSharp.Core": "4.7.2",
          "Fable.Browser.Gamepad": "1.3.0",
          "Fable.Core": "3.2.8"
        }
      },
      "Fable.Browser.Gamepad": {
        "type": "Transitive",
        "resolved": "1.3.0",
        "contentHash": "C4HZDzCgff+U094QjpQlJh425W5j5/vojvOi2FV5UFS34l7TJ6YBgBPpKoro02QhAi/UF3AeocR+V2yiYxHb0A==",
        "dependencies": {
          "FSharp.Core": "4.7.2",
          "Fable.Core": "3.2.8"
        }
      },
      "Fable.Browser.MediaQueryList": {
        "type": "Transitive",
        "resolved": "1.5.0",
        "contentHash": "dnHDI/rEy2oXHBu4+YOEI3+64aYdrBO4qsWGWTO7vBwiPGgF5Wc7H8x27JuwbWAXkG68UowYlos/nxKhc9C6tQ==",
        "dependencies": {
          "FSharp.Core": "4.7.2",
          "Fable.Browser.Dom": "2.16.0",
          "Fable.Browser.Event": "1.6.0",
          "Fable.Core": "3.2.8"
        }
      },
      "Fable.Browser.Svg": {
        "type": "Transitive",
        "resolved": "2.4.0",
        "contentHash": "zE1yppFz3fylFM2xsgWsRIYW+aZqwBguQMYRJoQde4gEgpNztcXWm9FLjiKObaF5tf6qJ54/UJYG462KMSNTFg==",
        "dependencies": {
          "FSharp.Core": "4.7.2",
          "Fable.Browser.Dom": "2.16.0",
          "Fable.Core": "3.2.8"
        }
      },
      "Fable.Browser.WebStorage": {
        "type": "Transitive",
        "resolved": "1.2.0",
        "contentHash": "T41JtXnYNzJRXDRndy3FiNNPRp5nnWA6JIMY063wMk+2GOv9MhdPTdTURTtMdBUcX907Gm/hRULVARyedsWM8g==",
        "dependencies": {
          "FSharp.Core": "4.7.2",
          "Fable.Browser.Event": "1.5.0",
          "Fable.Core": "3.0.0"
        }
      },
      "Fable.Promise": {
        "type": "Transitive",
        "resolved": "3.2.0",
        "contentHash": "4A+Iiembrny2h3AE2BIbchfuLmWHNhpkOTvbTtFXHtGzHVMqEVFRXrAfdy83wX2wK5Og3fqRo1y8t/Bqkd7j6g==",
        "dependencies": {
          "FSharp.Core": "4.7.2",
          "Fable.Core": "3.7.1"
        }
      },
      "Feliz.Engine": {
        "type": "Transitive",
        "resolved": "1.0.0-beta-004",
        "contentHash": "OMUYmjO2drCeU4sYCzLRe6rFRCByui1DpfCSbdNcKhesEgBwyyuw6y8DUXTToJ08LmnIvRn+0fvP65//yBTlUA==",
        "dependencies": {
          "FSharp.Core": "5.0.0"
        }
      },
      "Feliz.Engine.Bulma": {
        "type": "Transitive",
        "resolved": "1.0.1",
        "contentHash": "2ji6QFF949L6rVvROMiHUCAYnc3v5pADvH1xRcPU+XnlhtynSoUci3BhlxSPoIr/bohWKKqAbhCHEykz2VIukg==",
        "dependencies": {
          "FSharp.Core": "5.0.2",
          "Feliz.Engine": "1.0.0-beta-004"
        }
      },
      "Feliz.Engine.Event": {
        "type": "Transitive",
        "resolved": "1.0.0-beta-004",
        "contentHash": "OWzlJBAcYrsVT2sgpgU2N8vSkJ3FHS8xqfTmsL9SPllJ/PknWiA9Vex1aGSXjM3FgIHmK99+8oTifgYCd1x7Mw==",
        "dependencies": {
          "FSharp.Core": "5.0.0",
          "Fable.Browser.Dom": "2.2.0",
          "Feliz.Engine": "1.0.0-beta-004"
        }
      },
      "Microsoft.NETCore.Platforms": {
        "type": "Transitive",
        "resolved": "1.1.0",
        "contentHash": "kz0PEW2lhqygehI/d6XsPCQzD7ff7gUJaVGPVETX611eadGsA3A877GdSlU0LRVMCTH/+P3o2iDTak+S08V2+A=="
      }
    }
  }
}